
Microsoft Visual Studio Solution File, Format Version 12.00
# Visual Studio Version 17
VisualStudioVersion = 17.2.32630.192
MinimumVisualStudioVersion = 10.0.40219.1
Project("{FAE04EC0-301F-11D3-BF4B-00C04F79EFBC}") = "PersonalSite2", "PersonalSite2\PersonalSite2.csproj", "{3F8E1EFC-68CD-4F92-B24C-1181F50A6C9A}"
EndProject
Global
	GlobalSection(SolutionConfigurationPlatforms) = preSolution
		Debug|Any CPU = Debug|Any CPU
		Release|Any CPU = Release|Any CPU
	EndGlobalSection
	GlobalSection(ProjectConfigurationPlatforms) = postSolution
		{3F8E1EFC-68CD-4F92-B24C-1181F50A6C9A}.Debug|Any CPU.ActiveCfg = Debug|Any CPU
		{3F8E1EFC-68CD-4F92-B24C-1181F50A6C9A}.Debug|Any CPU.Build.0 = Debug|Any CPU
		{3F8E1EFC-68CD-4F92-B24C-1181F50A6C9A}.Release|Any CPU.ActiveCfg = Release|Any CPU
		{3F8E1EFC-68CD-4F92-B24C-1181F50A6C9A}.Release|Any CPU.Build.0 = Release|Any CPU
	EndGlobalSection
	GlobalSection(SolutionProperties) = preSolution
		HideSolutionNode = FALSE
	EndGlobalSection
	GlobalSection(ExtensibilityGlobals) = postSolution
		SolutionGuid = {3698AE0F-44E0-4A44-A49C-DA39DCF14302}
	EndGlobalSection
EndGlobal
